
Microsoft Visual Studio Solution File, Format Version 12.00
# Visual Studio Version 17
VisualStudioVersion = 17.2.32630.192
MinimumVisualStudioVersion = 10.0.40219.1
Project("{FAE04EC0-301F-11D3-BF4B-00C04F79EFBC}") = "Algebra Calculator", "Algebra Calculator.csproj", "{82575716-1044-4DD7-8CBE-2DA09F7B826B}"
EndProject
Global
	GlobalSection(SolutionConfigurationPlatforms) = preSolution
		Debug|Any CPU = Debug|Any CPU
		Release|Any CPU = Release|Any CPU
	EndGlobalSection
	GlobalSection(ProjectConfigurationPlatforms) = postSolution
		{82575716-1044-4DD7-8CBE-2DA09F7B826B}.Debug|Any CPU.ActiveCfg = Debug|Any CPU
		{82575716-1044-4DD7-8CBE-2DA09F7B826B}.Debug|Any CPU.Build.0 = Debug|Any CPU
		{82575716-1044-4DD7-8CBE-2DA09F7B826B}.Release|Any CPU.ActiveCfg = Release|Any CPU
		{82575716-1044-4DD7-8CBE-2DA09F7B826B}.Release|Any CPU.Build.0 = Release|Any CPU
	EndGlobalSection
	GlobalSection(SolutionProperties) = preSolution
		HideSolutionNode = FALSE
	EndGlobalSection
	GlobalSection(ExtensibilityGlobals) = postSolution
		SolutionGuid = {7CD50EAB-FCCC-4C1C-B75D-F3F1893221D4}
	EndGlobalSection
EndGlobal
